// !$*UTF8*$!
{
	archiveVersion = 1;
	classes = {
	};
	objectVersion = 50;
	objects = {

/* Begin PBXBuildFile section */
		1D02C60723326A6300FC4B8E /* AppDelegate.swift in Sources */ = {isa = PBXBuildFile; fileRef = 1D02C60623326A6300FC4B8E /* AppDelegate.swift */; };
		1D02C60923326A6300FC4B8E /* ViewController.swift in Sources */ = {isa = PBXBuildFile; fileRef = 1D02C60823326A6300FC4B8E /* ViewController.swift */; };
		1D02C60C23326A6300FC4B8E /* Main.storyboard in Resources */ = {isa = PBXBuildFile; fileRef = 1D02C60A23326A6300FC4B8E /* Main.storyboard */; };
		1D02C60E23326A6400FC4B8E /* Assets.xcassets in Resources */ = {isa = PBXBuildFile; fileRef = 1D02C60D23326A6400FC4B8E /* Assets.xcassets */; };
		1D02C61123326A6400FC4B8E /* LaunchScreen.storyboard in Resources */ = {isa = PBXBuildFile; fileRef = 1D02C60F23326A6400FC4B8E /* LaunchScreen.storyboard */; };
		1D02C61C23326A6400FC4B8E /* DiceeTests.swift in Sources */ = {isa = PBXBuildFile; fileRef = 1D02C61B23326A6400FC4B8E /* DiceeTests.swift */; };
		1D02C62723326A6400FC4B8E /* DiceeUITests.swift in Sources */ = {isa = PBXBuildFile; fileRef = 1D02C62623326A6400FC4B8E /* DiceeUITests.swift */; };
/* End PBXBuildFile section */

/* Begin PBXContainerItemProxy section */
		1D02C61823326A6400FC4B8E /* PBXContainerItemProxy */ = {
			isa = PBXContainerItemProxy;
			containerPortal = 1D02C5FB23326A6300FC4B8E /* Project object */;
			proxyType = 1;
			remoteGlobalIDString = 1D02C60223326A6300FC4B8E;
			remoteInfo = Dicee;
		};
		1D02C62323326A6400FC4B8E /* PBXContainerItemProxy */ = {
			isa = PBXContainerItemProxy;
			containerPortal = 1D02C5FB23326A6300FC4B8E /* Project object */;
			proxyType = 1;
			remoteGlobalIDString = 1D02C60223326A6300FC4B8E;
			remoteInfo = Dicee;
		};
/* End PBXContainerItemProxy section */

/* Begin PBXFileReference section */
		1D02C60323326A6300FC4B8E /* Dicee.app */ = {isa = PBXFileReference; explicitFileType = wrapper.application; includeInIndex = 0; path = Dicee.app; sourceTree = BUILT_PRODUCTS_DIR; };
		1D02C60623326A6300FC4B8E /* AppDelegate.swift */ = {isa = PBXFileReference; lastKnownFileType = sourcecode.swift; path = AppDelegate.swift; sourceTree = "<group>"; };
		1D02C60823326A6300FC4B8E /* ViewController.swift */ = {isa = PBXFileReference; lastKnownFileType = sourcecode.swift; path = ViewController.swift; sourceTree = "<group>"; };
		1D02C60B23326A6300FC4B8E /* Base */ = {isa = PBXFileReference; lastKnownFileType = file.storyboard; name = Base; path = Base.lproj/Main.storyboard; sourceTree = "<group>"; };
		1D02C60D23326A6400FC4B8E /* Assets.xcassets */ = {isa = PBXFileReference; lastKnownFileType = folder.assetcatalog; path = Assets.xcassets; sourceTree = "<group>"; };
		1D02C61023326A6400FC4B8E /* Base */ = {isa = PBXFileReference; lastKnownFileType = file.storyboard; name = Base; path = Base.lproj/LaunchScreen.storyboard; sourceTree = "<group>"; };
		1D02C61223326A6400FC4B8E /* Info.plist */ = {isa = PBXFileReference; lastKnownFileType = text.plist.xml; path = Info.plist; sourceTree = "<group>"; };
		1D02C61723326A6400FC4B8E /* DiceeTests.xctest */ = {isa = PBXFileReference; explicitFileType = wrapper.cfbundle; includeInIndex = 0; path = DiceeTests.xctest; sourceTree = BUILT_PRODUCTS_DIR; };
		1D02C61B23326A6400FC4B8E /* DiceeTests.swift */ = {isa = PBXFileReference; lastKnownFileType = sourcecode.swift; path = DiceeTests.swift; sourceTree = "<group>"; };
		1D02C61D23326A6400FC4B8E /* Info.plist */ = {isa = PBXFileReference; lastKnownFileType = text.plist.xml; path = Info.plist; sourceTree = "<group>"; };
		1D02C62223326A6400FC4B8E /* DiceeUITests.xctest */ = {isa = PBXFileReference; explicitFileType = wrapper.cfbundle; includeInIndex = 0; path = DiceeUITests.xctest; sourceTree = BUILT_PRODUCTS_DIR; };
		1D02C62623326A6400FC4B8E /* DiceeUITests.swift */ = {isa = PBXFileReference; lastKnownFileType = sourcecode.swift; path = DiceeUITests.swift; sourceTree = "<group>"; };
		1D02C62823326A6400FC4B8E /* Info.plist */ = {isa = PBXFileReference; lastKnownFileType = text.plist.xml; path = Info.plist; sourceTree = "<group>"; };
/* End PBXFileReference section */

/* Begin PBXFrameworksBuildPhase section */
		1D02C60023326A6300FC4B8E /* Frameworks */ = {
			isa = PBXFrameworksBuildPhase;
			buildActionMask = 2147483647;
			files = (
			);
			runOnlyForDeploymentPostprocessing = 0;
		};
		1D02C61423326A6400FC4B8E /* Frameworks */ = {
			isa = PBXFrameworksBuildPhase;
			buildActionMask = 2147483647;
			files = (
			);
			runOnlyForDeploymentPostprocessing = 0;
		};
		1D02C61F23326A6400FC4B8E /* Frameworks */ = {
			isa = PBXFrameworksBuildPhase;
			buildActionMask = 2147483647;
			files = (
			);
			runOnlyForDeploymentPostprocessing = 0;
		};
/* End PBXFrameworksBuildPhase section */

/* Begin PBXGroup section */
		1D02C5FA23326A6300FC4B8E = {
			isa = PBXGroup;
			children = (
				1D02C60523326A6300FC4B8E /* Dicee */,
				1D02C61A23326A6400FC4B8E /* DiceeTests */,
				1D02C62523326A6400FC4B8E /* DiceeUITests */,
				1D02C60423326A6300FC4B8E /* Products */,
			);
			sourceTree = "<group>";
		};
		1D02C60423326A6300FC4B8E /* Products */ = {
			isa = PBXGroup;
			children = (
				1D02C60323326A6300FC4B8E /* Dicee.app */,
				1D02C61723326A6400FC4B8E /* DiceeTests.xctest */,
				1D02C62223326A6400FC4B8E /* DiceeUITests.xctest */,
			);
			name = Products;
			sourceTree = "<group>";
		};
		1D02C60523326A6300FC4B8E /* Dicee */ = {
			isa = PBXGroup;
			children = (
				1D02C60623326A6300FC4B8E /* AppDelegate.swift */,
				1D02C60823326A6300FC4B8E /* ViewController.swift */,
				1D02C60A23326A6300FC4B8E /* Main.storyboard */,
				1D02C60D23326A6400FC4B8E /* Assets.xcassets */,
				1D02C60F23326A6400FC4B8E /* LaunchScreen.storyboard */,
				1D02C61223326A6400FC4B8E /* Info.plist */,
			);
			path = Dicee;
			sourceTree = "<group>";
		};
		1D02C61A23326A6400FC4B8E /* DiceeTests */ = {
			isa = PBXGroup;
			children = (
				1D02C61B23326A6400FC4B8E /* DiceeTests.swift */,
				1D02C61D23326A6400FC4B8E /* Info.plist */,
			);
			path = DiceeTests;
			sourceTree = "<group>";
		};
		1D02C62523326A6400FC4B8E /* DiceeUITests */ = {
			isa = PBXGroup;
			children = (
				1D02C62623326A6400FC4B8E /* DiceeUITests.swift */,
				1D02C62823326A6400FC4B8E /* Info.plist */,
			);
			path = DiceeUITests;
			sourceTree = "<group>";
		};
/* End PBXGroup section */

/* Begin PBXNativeTarget section */
		1D02C60223326A6300FC4B8E /* Dicee */ = {
			isa = PBXNativeTarget;
			buildConfigurationList = 1D02C62B23326A6400FC4B8E /* Build configuration list for PBXNativeTarget "Dicee" */;
			buildPhases = (
				1D02C5FF23326A6300FC4B8E /* Sources */,
				1D02C60023326A6300FC4B8E /* Frameworks */,
				1D02C60123326A6300FC4B8E /* Resources */,
			);
			buildRules = (
			);
			dependencies = (
			);
			name = Dicee;
			productName = Dicee;
			productReference = 1D02C60323326A6300FC4B8E /* Dicee.app */;
			productType = "com.apple.product-type.application";
		};
		1D02C61623326A6400FC4B8E /* DiceeTests */ = {
			isa = PBXNativeTarget;
			buildConfigurationList = 1D02C62E23326A6400FC4B8E /* Build configuration list for PBXNativeTarget "DiceeTests" */;
			buildPhases = (
				1D02C61323326A6400FC4B8E /* Sources */,
				1D02C61423326A6400FC4B8E /* Frameworks */,
				1D02C61523326A6400FC4B8E /* Resources */,
			);
			buildRules = (
			);
			dependencies = (
				1D02C61923326A6400FC4B8E /* PBXTargetDependency */,
			);
			name = DiceeTests;
			productName = DiceeTests;
			productReference = 1D02C61723326A6400FC4B8E /* DiceeTests.xctest */;
			productType = "com.apple.product-type.bundle.unit-test";
		};
		1D02C62123326A6400FC4B8E /* DiceeUITests */ = {
			isa = PBXNativeTarget;
			buildConfigurationList = 1D02C63123326A6400FC4B8E /* Build configuration list for PBXNativeTarget "DiceeUITests" */;
			buildPhases = (
				1D02C61E23326A6400FC4B8E /* Sources */,
				1D02C61F23326A6400FC4B8E /* Frameworks */,
				1D02C62023326A6400FC4B8E /* Resources */,
			);
			buildRules = (
			);
			dependencies = (
				1D02C62423326A6400FC4B8E /* PBXTargetDependency */,
			);
			name = DiceeUITests;
			productName = DiceeUITests;
			productReference = 1D02C62223326A6400FC4B8E /* DiceeUITests.xctest */;
			productType = "com.apple.product-type.bundle.ui-testing";
		};
/* End PBXNativeTarget section */

/* Begin PBXProject section */
		1D02C5FB23326A6300FC4B8E /* Project object */ = {
			isa = PBXProject;
			attributes = {
				LastSwiftUpdateCheck = 1030;
				LastUpgradeCheck = 1030;
				ORGANIZATIONNAME = "Hanien ElGalfy";
				TargetAttributes = {
					1D02C60223326A6300FC4B8E = {
						CreatedOnToolsVersion = 10.3;
					};
					1D02C61623326A6400FC4B8E = {
						CreatedOnToolsVersion = 10.3;
						TestTargetID = 1D02C60223326A6300FC4B8E;
					};
					1D02C62123326A6400FC4B8E = {
						CreatedOnToolsVersion = 10.3;
						TestTargetID = 1D02C60223326A6300FC4B8E;
					};
				};
			};
			buildConfigurationList = 1D02C5FE23326A6300FC4B8E /* Build configuration list for PBXProject "Dicee" */;
			compatibilityVersion = "Xcode 9.3";
			developmentRegion = en;
			hasScannedForEncodings = 0;
			knownRegions = (
				en,
				Base,
			);
			mainGroup = 1D02C5FA23326A6300FC4B8E;
			productRefGroup = 1D02C60423326A6300FC4B8E /* Products */;
			projectDirPath = "";
			projectRoot = "";
			targets = (
				1D02C60223326A6300FC4B8E /* Dicee */,
				1D02C61623326A6400FC4B8E /* DiceeTests */,
				1D02C62123326A6400FC4B8E /* DiceeUITests */,
			);
		};
/* End PBXProject section */

/* Begin PBXResourcesBuildPhase section */
		1D02C60123326A6300FC4B8E /* Resources */ = {
			isa = PBXResourcesBuildPhase;
			buildActionMask = 2147483647;
			files = (
				1D02C61123326A6400FC4B8E /* LaunchScreen.storyboard in Resources */,
				1D02C60E23326A6400FC4B8E /* Assets.xcassets in Resources */,
				1D02C60C23326A6300FC4B8E /* Main.storyboard in Resources */,
			);
			runOnlyForDeploymentPostprocessing = 0;
		};
		1D02C61523326A6400FC4B8E /* Resources */ = {
			isa = PBXResourcesBuildPhase;
			buildActionMask = 2147483647;
			files = (
			);
			runOnlyForDeploymentPostprocessing = 0;
		};
		1D02C62023326A6400FC4B8E /* Resources */ = {
			isa = PBXResourcesBuildPhase;
			buildActionMask = 2147483647;
			files = (
			);
			runOnlyForDeploymentPostprocessing = 0;
		};
/* End PBXResourcesBuildPhase section */

/* Begin PBXSourcesBuildPhase section */
		1D02C5FF23326A6300FC4B8E /* Sources */ = {
			isa = PBXSourcesBuildPhase;
			buildActionMask = 2147483647;
			files = (
				1D02C60923326A6300FC4B8E /* ViewController.swift in Sources */,
				1D02C60723326A6300FC4B8E /* AppDelegate.swift in Sources */,
			);
			runOnlyForDeploymentPostprocessing = 0;
		};
		1D02C61323326A6400FC4B8E /* Sources */ = {
			isa = PBXSourcesBuildPhase;
			buildActionMask = 2147483647;
			files = (
				1D02C61C23326A6400FC4B8E /* DiceeTests.swift in Sources */,
			);
			runOnlyForDeploymentPostprocessing = 0;
		};
		1D02C61E23326A6400FC4B8E /* Sources */ = {
			isa = PBXSourcesBuildPhase;
			buildActionMask = 2147483647;
			files = (
				1D02C62723326A6400FC4B8E /* DiceeUITests.swift in Sources */,
			);
			runOnlyForDeploymentPostprocessing = 0;
		};
/* End PBXSourcesBuildPhase section */

/* Begin PBXTargetDependency section */
		1D02C61923326A6400FC4B8E /* PBXTargetDependency */ = {
			isa = PBXTargetDependency;
			target = 1D02C60223326A6300FC4B8E /* Dicee */;
			targetProxy = 1D02C61823326A6400FC4B8E /* PBXContainerItemProxy */;
		};
		1D02C62423326A6400FC4B8E /* PBXTargetDependency */ = {
			isa = PBXTargetDependency;
			target = 1D02C60223326A6300FC4B8E /* Dicee */;
			targetProxy = 1D02C62323326A6400FC4B8E /* PBXContainerItemProxy */;
		};
/* End PBXTargetDependency section */

/* Begin PBXVariantGroup section */
		1D02C60A23326A6300FC4B8E /* Main.storyboard */ = {
			isa = PBXVariantGroup;
			children = (
				1D02C60B23326A6300FC4B8E /* Base */,
			);
			name = Main.storyboard;
			sourceTree = "<group>";
		};
		1D02C60F23326A6400FC4B8E /* LaunchScreen.storyboard */ = {
			isa = PBXVariantGroup;
			children = (
				1D02C61023326A6400FC4B8E /* Base */,
			);
			name = LaunchScreen.storyboard;
			sourceTree = "<group>";
		};
/* End PBXVariantGroup section */

/* Begin XCBuildConfiguration section */
		1D02C62923326A6400FC4B8E /* Debug */ = {
			isa = XCBuildConfiguration;
			buildSettings = {
				ALWAYS_SEARCH_USER_PATHS = NO;
				CLANG_ANALYZER_NONNULL = YES;
				CLANG_ANALYZER_NUMBER_OBJECT_CONVERSION = YES_AGGRESSIVE;
				CLANG_CXX_LANGUAGE_STANDARD = "gnu++14";
				CLANG_CXX_LIBRARY = "libc++";
				CLANG_ENABLE_MODULES = YES;
				CLANG_ENABLE_OBJC_ARC = YES;
				CLANG_ENABLE_OBJC_WEAK = YES;
				CLANG_WARN_BLOCK_CAPTURE_AUTORELEASING = YES;
				CLANG_WARN_BOOL_CONVERSION = YES;
				CLANG_WARN_COMMA = YES;
				CLANG_WARN_CONSTANT_CONVERSION = YES;
				CLANG_WARN_DEPRECATED_OBJC_IMPLEMENTATIONS = YES;
				CLANG_WARN_DIRECT_OBJC_ISA_USAGE = YES_ERROR;
				CLANG_WARN_DOCUMENTATION_COMMENTS = YES;
				CLANG_WARN_EMPTY_BODY = YES;
				CLANG_WARN_ENUM_CONVERSION = YES;
				CLANG_WARN_INFINITE_RECURSION = YES;
				CLANG_WARN_INT_CONVERSION = YES;
				CLANG_WARN_NON_LITERAL_NULL_CONVERSION = YES;
				CLANG_WARN_OBJC_IMPLICIT_RETAIN_SELF = YES;
				CLANG_WARN_OBJC_LITERAL_CONVERSION = YES;
				CLANG_WARN_OBJC_ROOT_CLASS = YES_ERROR;
				CLANG_WARN_RANGE_LOOP_ANALYSIS = YES;
				CLANG_WARN_STRICT_PROTOTYPES = YES;
				CLANG_WARN_SUSPICIOUS_MOVE = YES;
				CLANG_WARN_UNGUARDED_AVAILABILITY = YES_AGGRESSIVE;
				CLANG_WARN_UNREACHABLE_CODE = YES;
				CLANG_WARN__DUPLICATE_METHOD_MATCH = YES;
				CODE_SIGN_IDENTITY = "iPhone Developer";
				COPY_PHASE_STRIP = NO;
				DEBUG_INFORMATION_FORMAT = dwarf;
				ENABLE_STRICT_OBJC_MSGSEND = YES;
				ENABLE_TESTABILITY = YES;
				GCC_C_LANGUAGE_STANDARD = gnu11;
				GCC_DYNAMIC_NO_PIC = NO;
				GCC_NO_COMMON_BLOCKS = YES;
				GCC_OPTIMIZATION_LEVEL = 0;
				GCC_PREPROCESSOR_DEFINITIONS = (
					"DEBUG=1",
					"$(inherited)",
				);
				GCC_WARN_64_TO_32_BIT_CONVERSION = YES;
				GCC_WARN_ABOUT_RETURN_TYPE = YES_ERROR;
				GCC_WARN_UNDECLARED_SELECTOR = YES;
				GCC_WARN_UNINITIALIZED_AUTOS = YES_AGGRESSIVE;
				GCC_WARN_UNUSED_FUNCTION = YES;
				GCC_WARN_UNUSED_VARIABLE = YES;
				IPHONEOS_DEPLOYMENT_TARGET = 12.4;
				MTL_ENABLE_DEBUG_INFO = INCLUDE_SOURCE;
				MTL_FAST_MATH = YES;
				ONLY_ACTIVE_ARCH = YES;
				SDKROOT = iphoneos;
				SWIFT_ACTIVE_COMPILATION_CONDITIONS = DEBUG;
				SWIFT_OPTIMIZATION_LEVEL = "-Onone";
			};
			name = Debug;
		};
		1D02C62A23326A6400FC4B8E /* Release */ = {
			isa = XCBuildConfiguration;
			buildSettings = {
				ALWAYS_SEARCH_USER_PATHS = NO;
				CLANG_ANALYZER_NONNULL = YES;
				CLANG_ANALYZER_NUMBER_OBJECT_CONVERSION = YES_AGGRESSIVE;
				CLANG_CXX_LANGUAGE_STANDARD = "gnu++14";
				CLANG_CXX_LIBRARY = "libc++";
				CLANG_ENABLE_MODULES = YES;
				CLANG_ENABLE_OBJC_ARC = YES;
				CLANG_ENABLE_OBJC_WEAK = YES;
				CLANG_WARN_BLOCK_CAPTURE_AUTORELEASING = YES;
				CLANG_WARN_BOOL_CONVERSION = YES;
				CLANG_WARN_COMMA = YES;
				CLANG_WARN_CONSTANT_CONVERSION = YES;
				CLANG_WARN_DEPRECATED_OBJC_IMPLEMENTATIONS = YES;
				CLANG_WARN_DIRECT_OBJC_ISA_USAGE = YES_ERROR;
				CLANG_WARN_DOCUMENTATION_COMMENTS = YES;
				CLANG_WARN_EMPTY_BODY = YES;
				CLANG_WARN_ENUM_CONVERSION = YES;
				CLANG_WARN_INFINITE_RECURSION = YES;
				CLANG_WARN_INT_CONVERSION = YES;
				CLANG_WARN_NON_LITERAL_NULL_CONVERSION = YES;
				CLANG_WARN_OBJC_IMPLICIT_RETAIN_SELF = YES;
				CLANG_WARN_OBJC_LITERAL_CONVERSION = YES;
				CLANG_WARN_OBJC_ROOT_CLASS = YES_ERROR;
				CLANG_WARN_RANGE_LOOP_ANALYSIS = YES;
				CLANG_WARN_STRICT_PROTOTYPES = YES;
				CLANG_WARN_SUSPICIOUS_MOVE = YES;
				CLANG_WARN_UNGUARDED_AVAILABILITY = YES_AGGRESSIVE;
				CLANG_WARN_UNREACHABLE_CODE = YES;
				CLANG_WARN__DUPLICATE_METHOD_MATCH = YES;
				CODE_SIGN_IDENTITY = "iPhone Developer";
				COPY_PHASE_STRIP = NO;
				DEBUG_INFORMATION_FORMAT = "dwarf-with-dsym";
				ENABLE_NS_ASSERTIONS = NO;
				ENABLE_STRICT_OBJC_MSGSEND = YES;
				GCC_C_LANGUAGE_STANDARD = gnu11;
				GCC_NO_COMMON_BLOCKS = YES;
				GCC_WARN_64_TO_32_BIT_CONVERSION = YES;
				GCC_WARN_ABOUT_RETURN_TYPE = YES_ERROR;
				GCC_WARN_UNDECLARED_SELECTOR = YES;
				GCC_WARN_UNINITIALIZED_AUTOS = YES_AGGRESSIVE;
				GCC_WARN_UNUSED_FUNCTION = YES;
				GCC_WARN_UNUSED_VARIABLE = YES;
				IPHONEOS_DEPLOYMENT_TARGET = 12.4;
				MTL_ENABLE_DEBUG_INFO = NO;
				MTL_FAST_MATH = YES;
				SDKROOT = iphoneos;
				SWIFT_COMPILATION_MODE = wholemodule;
				SWIFT_OPTIMIZATION_LEVEL = "-O";
				VALIDATE_PRODUCT = YES;
			};
			name = Release;
		};
		1D02C62C23326A6400FC4B8E /* Debug */ = {
			isa = XCBuildConfiguration;
			buildSettings = {
				ASSETCATALOG_COMPILER_APPICON_NAME = AppIcon;
				CODE_SIGN_STYLE = Automatic;
				DEVELOPMENT_TEAM = 5L2626P9U6;
				INFOPLIST_FILE = Dicee/Info.plist;
				LD_RUNPATH_SEARCH_PATHS = (
					"$(inherited)",
					"@executable_path/Frameworks",
				);
				PRODUCT_BUNDLE_IDENTIFIER = com.Hanienelgalfy.Dicee;
				PRODUCT_NAME = "$(TARGET_NAME)";
				SWIFT_VERSION = 5.0;
				TARGETED_DEVICE_FAMILY = "1,2";
			};
			name = Debug;
		};
		1D02C62D23326A6400FC4B8E /* Release */ = {
			isa = XCBuildConfiguration;
			buildSettings = {
				ASSETCATALOG_COMPILER_APPICON_NAME = AppIcon;
				CODE_SIGN_STYLE = Automatic;
				DEVELOPMENT_TEAM = 5L2626P9U6;
				INFOPLIST_FILE = Dicee/Info.plist;
				LD_RUNPATH_SEARCH_PATHS = (
					"$(inherited)",
					"@executable_path/Frameworks",
				);
				PRODUCT_BUNDLE_IDENTIFIER = com.Hanienelgalfy.Dicee;
				PRODUCT_NAME = "$(TARGET_NAME)";
				SWIFT_VERSION = 5.0;
				TARGETED_DEVICE_FAMILY = "1,2";
			};
			name = Release;
		};
		1D02C62F23326A6400FC4B8E /* Debug */ = {
			isa = XCBuildConfiguration;
			buildSettings = {
				ALWAYS_EMBED_SWIFT_STANDARD_LIBRARIES = YES;
				BUNDLE_LOADER = "$(TEST_HOST)";
				CODE_SIGN_STYLE = Automatic;
				INFOPLIST_FILE = DiceeTests/Info.plist;
				LD_RUNPATH_SEARCH_PATHS = (
					"$(inherited)",
					"@executable_path/Frameworks",
					"@loader_path/Frameworks",
				);
				PRODUCT_BUNDLE_IDENTIFIER = com.Hanienelgalfy.DiceeTests;
				PRODUCT_NAME = "$(TARGET_NAME)";
				SWIFT_VERSION = 5.0;
				TARGETED_DEVICE_FAMILY = "1,2";
				TEST_HOST = "$(BUILT_PRODUCTS_DIR)/Dicee.app/Dicee";
			};
			name = Debug;
		};
		1D02C63023326A6400FC4B8E /* Release */ = {
			isa = XCBuildConfiguration;
			buildSettings = {
				ALWAYS_EMBED_SWIFT_STANDARD_LIBRARIES = YES;
				BUNDLE_LOADER = "$(TEST_HOST)";
				CODE_SIGN_STYLE = Automatic;
				INFOPLIST_FILE = DiceeTests/Info.plist;
				LD_RUNPATH_SEARCH_PATHS = (
					"$(inherited)",
					"@executable_path/Frameworks",
					"@loader_path/Frameworks",
				);
				PRODUCT_BUNDLE_IDENTIFIER = com.Hanienelgalfy.DiceeTests;
				PRODUCT_NAME = "$(TARGET_NAME)";
				SWIFT_VERSION = 5.0;
				TARGETED_DEVICE_FAMILY = "1,2";
				TEST_HOST = "$(BUILT_PRODUCTS_DIR)/Dicee.app/Dicee";
			};
			name = Release;
		};
		1D02C63223326A6400FC4B8E /* Debug */ = {
			isa = XCBuildConfiguration;
			buildSettings = {
				ALWAYS_EMBED_SWIFT_STANDARD_LIBRARIES = YES;
				CODE_SIGN_STYLE = Automatic;
				INFOPLIST_FILE = DiceeUITests/Info.plist;
				LD_RUNPATH_SEARCH_PATHS = (
					"$(inherited)",
					"@executable_path/Frameworks",
					"@loader_path/Frameworks",
				);
				PRODUCT_BUNDLE_IDENTIFIER = com.Hanienelgalfy.DiceeUITests;
				PRODUCT_NAME = "$(TARGET_NAME)";
				SWIFT_VERSION = 5.0;
				TARGETED_DEVICE_FAMILY = "1,2";
				TEST_TARGET_NAME = Dicee;
			};
			name = Debug;
		};
		1D02C63323326A6400FC4B8E /* Release */ = {
			isa = XCBuildConfiguration;
			buildSettings = {
				ALWAYS_EMBED_SWIFT_STANDARD_LIBRARIES = YES;
				CODE_SIGN_STYLE = Automatic;
				INFOPLIST_FILE = DiceeUITests/Info.plist;
				LD_RUNPATH_SEARCH_PATHS = (
					"$(inherited)",
					"@executable_path/Frameworks",
					"@loader_path/Frameworks",
				);
				PRODUCT_BUNDLE_IDENTIFIER = com.Hanienelgalfy.DiceeUITests;
				PRODUCT_NAME = "$(TARGET_NAME)";
				SWIFT_VERSION = 5.0;
				TARGETED_DEVICE_FAMILY = "1,2";
				TEST_TARGET_NAME = Dicee;
			};
			name = Release;
		};
/* End XCBuildConfiguration section */

/* Begin XCConfigurationList section */
		1D02C5FE23326A6300FC4B8E /* Build configuration list for PBXProject "Dicee" */ = {
			isa = XCConfigurationList;
			buildConfigurations = (
				1D02C62923326A6400FC4B8E /* Debug */,
				1D02C62A23326A6400FC4B8E /* Release */,
			);
			defaultConfigurationIsVisible = 0;
			defaultConfigurationName = Release;
		};
		1D02C62B23326A6400FC4B8E /* Build configuration list for PBXNativeTarget "Dicee" */ = {
			isa = XCConfigurationList;
			buildConfigurations = (
				1D02C62C23326A6400FC4B8E /* Debug */,
				1D02C62D23326A6400FC4B8E /* Release */,
			);
			defaultConfigurationIsVisible = 0;
			defaultConfigurationName = Release;
		};
		1D02C62E23326A6400FC4B8E /* Build configuration list for PBXNativeTarget "DiceeTests" */ = {
			isa = XCConfigurationList;
			buildConfigurations = (
				1D02C62F23326A6400FC4B8E /* Debug */,
				1D02C63023326A6400FC4B8E /* Release */,
			);
			defaultConfigurationIsVisible = 0;
			defaultConfigurationName = Release;
		};
		1D02C63123326A6400FC4B8E /* Build configuration list for PBXNativeTarget "DiceeUITests" */ = {
			isa = XCConfigurationList;
			buildConfigurations = (
				1D02C63223326A6400FC4B8E /* Debug */,
				1D02C63323326A6400FC4B8E /* Release */,
			);
			defaultConfigurationIsVisible = 0;
			defaultConfigurationName = Release;
		};
/* End XCConfigurationList section */
	};
	rootObject = 1D02C5FB23326A6300FC4B8E /* Project object */;
}
